
Microsoft Visual Studio Solution File, Format Version 12.00
# Visual Studio Version 17
VisualStudioVersion = 17.14.36310.24 d17.14
MinimumVisualStudioVersion = 10.0.40219.1
Project("{FAE04EC0-301F-11D3-BF4B-00C04F79EFBC}") = "Ecommerce.Api", "Ecommerce.Api.csproj", "{21E5CF9C-3F0A-4C69-96B1-D6E6C65A0CAB}"
EndProject
Global
	GlobalSection(SolutionConfigurationPlatforms) = preSolution
		Debug|Any CPU = Debug|Any CPU
		Release|Any CPU = Release|Any CPU
	EndGlobalSection
	GlobalSection(ProjectConfigurationPlatforms) = postSolution
		{21E5CF9C-3F0A-4C69-96B1-D6E6C65A0CAB}.Debug|Any CPU.ActiveCfg = Debug|Any CPU
		{21E5CF9C-3F0A-4C69-96B1-D6E6C65A0CAB}.Debug|Any CPU.Build.0 = Debug|Any CPU
		{21E5CF9C-3F0A-4C69-96B1-D6E6C65A0CAB}.Release|Any CPU.ActiveCfg = Release|Any CPU
		{21E5CF9C-3F0A-4C69-96B1-D6E6C65A0CAB}.Release|Any CPU.Build.0 = Release|Any CPU
	EndGlobalSection
	GlobalSection(SolutionProperties) = preSolution
		HideSolutionNode = FALSE
	EndGlobalSection
	GlobalSection(ExtensibilityGlobals) = postSolution
		SolutionGuid = {AB1E9135-A403-4055-BAFD-3BE00B2E1A19}
	EndGlobalSection
EndGlobal
